
Microsoft Visual Studio Solution File, Format Version 12.00
# Visual Studio Version 16
VisualStudioVersion = 16.0.30611.23
MinimumVisualStudioVersion = 10.0.40219.1
Project("{9A19103F-16F7-4668-BE54-9A1E7A4F7556}") = "TestTaskRestAPI", "TestTaskRestAPI\TestTaskRestAPI.csproj", "{4308B18B-FA77-4E8A-BD5A-9A9543C03D4D}"
EndProject
Project("{FAE04EC0-301F-11D3-BF4B-00C04F79EFBC}") = "TestTaskRestAPITests", "TestTaskRestAPITests\TestTaskRestAPITests.csproj", "{5616EA1C-9F42-4871-B4D6-1120C8961C83}"
EndProject
Global
	GlobalSection(SolutionConfigurationPlatforms) = preSolution
		Debug|Any CPU = Debug|Any CPU
		Release|Any CPU = Release|Any CPU
	EndGlobalSection
	GlobalSection(ProjectConfigurationPlatforms) = postSolution
		{4308B18B-FA77-4E8A-BD5A-9A9543C03D4D}.Debug|Any CPU.ActiveCfg = Debug|Any CPU
		{4308B18B-FA77-4E8A-BD5A-9A9543C03D4D}.Debug|Any CPU.Build.0 = Debug|Any CPU
		{4308B18B-FA77-4E8A-BD5A-9A9543C03D4D}.Release|Any CPU.ActiveCfg = Release|Any CPU
		{4308B18B-FA77-4E8A-BD5A-9A9543C03D4D}.Release|Any CPU.Build.0 = Release|Any CPU
		{5616EA1C-9F42-4871-B4D6-1120C8961C83}.Debug|Any CPU.ActiveCfg = Debug|Any CPU
		{5616EA1C-9F42-4871-B4D6-1120C8961C83}.Debug|Any CPU.Build.0 = Debug|Any CPU
		{5616EA1C-9F42-4871-B4D6-1120C8961C83}.Release|Any CPU.ActiveCfg = Release|Any CPU
		{5616EA1C-9F42-4871-B4D6-1120C8961C83}.Release|Any CPU.Build.0 = Release|Any CPU
	EndGlobalSection
	GlobalSection(SolutionProperties) = preSolution
		HideSolutionNode = FALSE
	EndGlobalSection
	GlobalSection(ExtensibilityGlobals) = postSolution
		SolutionGuid = {C242A191-6723-4CFB-A45C-EA4E6B0A7076}
	EndGlobalSection
EndGlobal
